
Microsoft Visual Studio Solution File, Format Version 12.00
# Visual Studio Version 16
VisualStudioVersion = 16.0.29609.76
MinimumVisualStudioVersion = 10.0.40219.1
Project("{FAE04EC0-301F-11D3-BF4B-00C04F79EFBC}") = "Stopgap", "StopgapEngine\Stopgap.csproj", "{0F645BEC-3307-44E0-B154-4A12BBB3ACA3}"
EndProject
Project("{FAE04EC0-301F-11D3-BF4B-00C04F79EFBC}") = "StopgapEditor", "Stopgap.Editor\StopgapEditor.csproj", "{4FBEBF30-9918-47E2-8250-B12A53780BD7}"
EndProject
Global
	GlobalSection(SolutionConfigurationPlatforms) = preSolution
		Debug|Any CPU = Debug|Any CPU
		Release|Any CPU = Release|Any CPU
	EndGlobalSection
	GlobalSection(ProjectConfigurationPlatforms) = postSolution
		{0F645BEC-3307-44E0-B154-4A12BBB3ACA3}.Debug|Any CPU.ActiveCfg = Debug|Any CPU
		{0F645BEC-3307-44E0-B154-4A12BBB3ACA3}.Debug|Any CPU.Build.0 = Debug|Any CPU
		{0F645BEC-3307-44E0-B154-4A12BBB3ACA3}.Release|Any CPU.ActiveCfg = Release|Any CPU
		{0F645BEC-3307-44E0-B154-4A12BBB3ACA3}.Release|Any CPU.Build.0 = Release|Any CPU
		{4FBEBF30-9918-47E2-8250-B12A53780BD7}.Debug|Any CPU.ActiveCfg = Debug|Any CPU
		{4FBEBF30-9918-47E2-8250-B12A53780BD7}.Debug|Any CPU.Build.0 = Debug|Any CPU
		{4FBEBF30-9918-47E2-8250-B12A53780BD7}.Release|Any CPU.ActiveCfg = Release|Any CPU
		{4FBEBF30-9918-47E2-8250-B12A53780BD7}.Release|Any CPU.Build.0 = Release|Any CPU
	EndGlobalSection
	GlobalSection(SolutionProperties) = preSolution
		HideSolutionNode = FALSE
	EndGlobalSection
	GlobalSection(ExtensibilityGlobals) = postSolution
		SolutionGuid = {EB3F5ADA-D463-4A5F-9540-ADA839B55A20}
	EndGlobalSection
EndGlobal
